Microsoft Visual Studio Solution File, Format Version 11.00
# Visual Studio 2008

Project("{5976EC1F-8EB9-A5B8-99E6-E44F5B024482}") = "TrumpGreateWall", "Assembly-CSharp.csproj", "{F16C1D80-95C2-B68C-97FA-B1A16C4B0973}"
EndProject
Global
	GlobalSection(SolutionConfigurationPlatforms) = preSolution
		Debug|Any CPU = Debug|Any CPU
		Release|Any CPU = Release|Any CPU
	EndGlobalSection
	GlobalSection(ProjectConfigurationPlatforms) = postSolution
		{F16C1D80-95C2-B68C-97FA-B1A16C4B0973}.Debug|Any CPU.ActiveCfg = Debug|Any CPU
		{F16C1D80-95C2-B68C-97FA-B1A16C4B0973}.Debug|Any CPU.Build.0 = Debug|Any CPU
		{F16C1D80-95C2-B68C-97FA-B1A16C4B0973}.Release|Any CPU.ActiveCfg = Release|Any CPU
		{F16C1D80-95C2-B68C-97FA-B1A16C4B0973}.Release|Any CPU.Build.0 = Release|Any CPU
	EndGlobalSection
	GlobalSection(SolutionProperties) = preSolution
		HideSolutionNode = FALSE
	EndGlobalSection
	GlobalSection(MonoDevelopProperties) = preSolution
		StartupItem = Assembly-CSharp.csproj
	EndGlobalSection
EndGlobal
